
Microsoft Visual Studio Solution File, Format Version 12.00
# Visual Studio Version 17
VisualStudioVersion = 17.5.33424.131
MinimumVisualStudioVersion = 10.0.40219.1
Project("{FAE04EC0-301F-11D3-BF4B-00C04F79EFBC}") = "Calculator", "Calculator\Calculator.csproj", "{B1C36C40-24F3-4F4C-B0D2-E0200F5DC16C}"
EndProject
Global
	GlobalSection(SolutionConfigurationPlatforms) = preSolution
		Debug|Any CPU = Debug|Any CPU
		Release|Any CPU = Release|Any CPU
	EndGlobalSection
	GlobalSection(ProjectConfigurationPlatforms) = postSolution
		{B1C36C40-24F3-4F4C-B0D2-E0200F5DC16C}.Debug|Any CPU.ActiveCfg = Debug|Any CPU
		{B1C36C40-24F3-4F4C-B0D2-E0200F5DC16C}.Debug|Any CPU.Build.0 = Debug|Any CPU
		{B1C36C40-24F3-4F4C-B0D2-E0200F5DC16C}.Release|Any CPU.ActiveCfg = Release|Any CPU
		{B1C36C40-24F3-4F4C-B0D2-E0200F5DC16C}.Release|Any CPU.Build.0 = Release|Any CPU
	EndGlobalSection
	GlobalSection(SolutionProperties) = preSolution
		HideSolutionNode = FALSE
	EndGlobalSection
	GlobalSection(ExtensibilityGlobals) = postSolution
		SolutionGuid = {BD5D12BB-3632-4527-B431-6B19C910760B}
	EndGlobalSection
EndGlobal
